
Microsoft Visual Studio Solution File, Format Version 12.00
# Visual Studio Version 17
VisualStudioVersion = 17.10.34916.146
MinimumVisualStudioVersion = 10.0.40219.1
Project("{FAE04EC0-301F-11D3-BF4B-00C04F79EFBC}") = "ASPLesson", "ASPLesson\ASPLesson.csproj", "{44C2A050-62C1-48BB-BEF4-ED59EA27E530}"
EndProject
Global
	GlobalSection(SolutionConfigurationPlatforms) = preSolution
		Debug|Any CPU = Debug|Any CPU
		Release|Any CPU = Release|Any CPU
	EndGlobalSection
	GlobalSection(ProjectConfigurationPlatforms) = postSolution
		{44C2A050-62C1-48BB-BEF4-ED59EA27E530}.Debug|Any CPU.ActiveCfg = Debug|Any CPU
		{44C2A050-62C1-48BB-BEF4-ED59EA27E530}.Debug|Any CPU.Build.0 = Debug|Any CPU
		{44C2A050-62C1-48BB-BEF4-ED59EA27E530}.Release|Any CPU.ActiveCfg = Release|Any CPU
		{44C2A050-62C1-48BB-BEF4-ED59EA27E530}.Release|Any CPU.Build.0 = Release|Any CPU
	EndGlobalSection
	GlobalSection(SolutionProperties) = preSolution
		HideSolutionNode = FALSE
	EndGlobalSection
	GlobalSection(ExtensibilityGlobals) = postSolution
		SolutionGuid = {5FDDACD5-0618-422D-B327-32A1B95A0BB9}
	EndGlobalSection
EndGlobal
